
Microsoft Visual Studio Solution File, Format Version 12.00
# Visual Studio Version 16
VisualStudioVersion = 16.0.29418.71
MinimumVisualStudioVersion = 10.0.40219.1
Project("{FAE04EC0-301F-11D3-BF4B-00C04F79EFBC}") = "FunThingIdea", "FunThingIdea\FunThingIdea.csproj", "{ABDC6E5D-1BE5-42DA-901C-225400694A44}"
EndProject
Global
	GlobalSection(SolutionConfigurationPlatforms) = preSolution
		Debug|Any CPU = Debug|Any CPU
		Release|Any CPU = Release|Any CPU
	EndGlobalSection
	GlobalSection(ProjectConfigurationPlatforms) = postSolution
		{ABDC6E5D-1BE5-42DA-901C-225400694A44}.Debug|Any CPU.ActiveCfg = Debug|Any CPU
		{ABDC6E5D-1BE5-42DA-901C-225400694A44}.Debug|Any CPU.Build.0 = Debug|Any CPU
		{ABDC6E5D-1BE5-42DA-901C-225400694A44}.Release|Any CPU.ActiveCfg = Release|Any CPU
		{ABDC6E5D-1BE5-42DA-901C-225400694A44}.Release|Any CPU.Build.0 = Release|Any CPU
	EndGlobalSection
	GlobalSection(SolutionProperties) = preSolution
		HideSolutionNode = FALSE
	EndGlobalSection
	GlobalSection(ExtensibilityGlobals) = postSolution
		SolutionGuid = {AE80E089-35D0-4475-8A8B-66884D53FDFA}
	EndGlobalSection
EndGlobal
